
Microsoft Visual Studio Solution File, Format Version 12.00
# Visual Studio 2013
VisualStudioVersion = 12.0.30723.0
MinimumVisualStudioVersion = 10.0.40219.1
Project("{FAE04EC0-301F-11D3-BF4B-00C04F79EFBC}") = "GarageLogic", "GarageLogic\GarageLogic.csproj", "{4419D86E-DC8B-4DF6-B1D9-EE3CD3D85286}"
EndProject
Project("{FAE04EC0-301F-11D3-BF4B-00C04F79EFBC}") = "GarageManagementSystem.ConsoleUI", "GarageManagementSystem\GarageManagementSystem.ConsoleUI.csproj", "{0746869A-EE4A-4FCF-B103-D02A3F407264}"
EndProject
Project("{2150E333-8FDC-42A3-9474-1A3956D46DE8}") = "Solution Items", "Solution Items", "{4E6E4C82-1766-4910-9343-BEAF0F7A73F6}"
	ProjectSection(SolutionItems) = preProject
		SubmitionReport03.txt = SubmitionReport03.txt
	EndProjectSection
EndProject
Global
	GlobalSection(SolutionConfigurationPlatforms) = preSolution
		Debug|Any CPU = Debug|Any CPU
		Release|Any CPU = Release|Any CPU
	EndGlobalSection
	GlobalSection(ProjectConfigurationPlatforms) = postSolution
		{4419D86E-DC8B-4DF6-B1D9-EE3CD3D85286}.Debug|Any CPU.ActiveCfg = Debug|Any CPU
		{4419D86E-DC8B-4DF6-B1D9-EE3CD3D85286}.Debug|Any CPU.Build.0 = Debug|Any CPU
		{4419D86E-DC8B-4DF6-B1D9-EE3CD3D85286}.Release|Any CPU.ActiveCfg = Release|Any CPU
		{4419D86E-DC8B-4DF6-B1D9-EE3CD3D85286}.Release|Any CPU.Build.0 = Release|Any CPU
		{0746869A-EE4A-4FCF-B103-D02A3F407264}.Debug|Any CPU.ActiveCfg = Debug|Any CPU
		{0746869A-EE4A-4FCF-B103-D02A3F407264}.Debug|Any CPU.Build.0 = Debug|Any CPU
		{0746869A-EE4A-4FCF-B103-D02A3F407264}.Release|Any CPU.ActiveCfg = Release|Any CPU
		{0746869A-EE4A-4FCF-B103-D02A3F407264}.Release|Any CPU.Build.0 = Release|Any CPU
	EndGlobalSection
	GlobalSection(SolutionProperties) = preSolution
		HideSolutionNode = FALSE
	EndGlobalSection
EndGlobal
